
Microsoft Visual Studio Solution File, Format Version 12.00
# Visual Studio Version 17
VisualStudioVersion = 17.1.32328.378
MinimumVisualStudioVersion = 10.0.40219.1
Project("{2150E333-8FDC-42A3-9474-1A3956D46DE8}") = "src", "src", "{E1DB0B1F-6B73-4014-9152-B53F53C99FE6}"
EndProject
Project("{2150E333-8FDC-42A3-9474-1A3956D46DE8}") = "Api", "Api", "{307CD50D-7204-4239-B848-5D695D484F8D}"
EndProject
Project("{2150E333-8FDC-42A3-9474-1A3956D46DE8}") = "Clients", "Clients", "{A44356F4-0B7A-49D8-8884-A47D58E66B7D}"
EndProject
Project("{2150E333-8FDC-42A3-9474-1A3956D46DE8}") = "Common", "Common", "{6E4C9401-F918-44B9-A991-B551ED98BA1E}"
EndProject
Project("{2150E333-8FDC-42A3-9474-1A3956D46DE8}") = "Projections", "Projections", "{7183E2BD-B3BE-4C18-A4D0-24CA6CB08399}"
EndProject
Project("{2150E333-8FDC-42A3-9474-1A3956D46DE8}") = "Core", "Core", "{D07A7B18-C586-4C77-BF5A-C9D7F067BD8D}"
EndProject
Project("{2150E333-8FDC-42A3-9474-1A3956D46DE8}") = "Infrastructure", "Infrastructure", "{DDB62C5D-9978-4B82-9775-420A0254AD82}"
EndProject
Project("{2150E333-8FDC-42A3-9474-1A3956D46DE8}") = "WebApi", "WebApi", "{6D9AA419-0371-48E2-99A6-A6C6299688ED}"
EndProject
Project("{2150E333-8FDC-42A3-9474-1A3956D46DE8}") = "BlazorWeb", "BlazorWeb", "{2CC8174E-A4CE-4CDD-867C-24F931A9BE2F}"
EndProject
Project("{9A19103F-16F7-4668-BE54-9A1E7A4F7556}") = "BlazorSozluk.Common", "src\Common\BlazorSozluk.Common\BlazorSozluk.Common.csproj", "{E87C5410-753F-496A-858E-C0311ED1FA75}"
EndProject
Project("{9A19103F-16F7-4668-BE54-9A1E7A4F7556}") = "BlazorSozluk.Api.Domain", "src\Api\Core\BlazorSozluk.Api.Domain\BlazorSozluk.Api.Domain.csproj", "{45431952-00A6-4B0C-BC68-C955D1A0ABBB}"
EndProject
Project("{9A19103F-16F7-4668-BE54-9A1E7A4F7556}") = "BlazorSozluk.Api.Application", "src\Api\Core\BlazorSozluk.Api.Application\BlazorSozluk.Api.Application.csproj", "{B5E1480A-410F-4729-AE66-1C3C83C9A6E6}"
EndProject
Project("{9A19103F-16F7-4668-BE54-9A1E7A4F7556}") = "BlazorSozluk.Api.Infrastructure.Persistence", "src\Api\Infrastructure\BlazorSozluk.Infrastructure.Persistence\BlazorSozluk.Api.Infrastructure.Persistence.csproj", "{9848AFA1-CE23-4B93-AC55-ADC336D035B0}"
EndProject
Project("{9A19103F-16F7-4668-BE54-9A1E7A4F7556}") = "BlazorSozluk.Api.WebApi", "src\Api\WebApi\BlazorSozluk.Api.WebApi\BlazorSozluk.Api.WebApi.csproj", "{544A03E2-61D3-46A5-9454-26CEF149C23F}"
EndProject
Project("{9A19103F-16F7-4668-BE54-9A1E7A4F7556}") = "BlazorSozluk.Projections.FavoriteService", "src\Projections\BlazorSozluk.Projections.FavoriteService\BlazorSozluk.Projections.FavoriteService.csproj", "{1044431F-1FD9-4203-9533-C179A927C062}"
EndProject
Project("{9A19103F-16F7-4668-BE54-9A1E7A4F7556}") = "BlazorSozluk.Projections.UserService", "src\Projections\BlazorSozluk.Projections.User\BlazorSozluk.Projections.UserService.csproj", "{3BCA62B9-AE84-41A5-8988-A5FB64F90C48}"
EndProject
Project("{9A19103F-16F7-4668-BE54-9A1E7A4F7556}") = "BlazorSozluk.Projections.VoteService", "src\Projections\BlazorSozluk.Projections.VoteService\BlazorSozluk.Projections.VoteService.csproj", "{B14CC215-4EF5-445A-A599-20453C0970E1}"
EndProject
Project("{9A19103F-16F7-4668-BE54-9A1E7A4F7556}") = "BlazorSozluk.WebApp", "src\Clients\BlazorWeb\BlazorSozluk.WebApp\BlazorSozluk.WebApp.csproj", "{66B898E6-7DB4-4750-B7C8-52ED0C9DD584}"
EndProject
Global
	GlobalSection(SolutionConfigurationPlatforms) = preSolution
		Debug|Any CPU = Debug|Any CPU
		Release|Any CPU = Release|Any CPU
	EndGlobalSection
	GlobalSection(ProjectConfigurationPlatforms) = postSolution
		{E87C5410-753F-496A-858E-C0311ED1FA75}.Debug|Any CPU.ActiveCfg = Debug|Any CPU
		{E87C5410-753F-496A-858E-C0311ED1FA75}.Debug|Any CPU.Build.0 = Debug|Any CPU
		{E87C5410-753F-496A-858E-C0311ED1FA75}.Release|Any CPU.ActiveCfg = Release|Any CPU
		{E87C5410-753F-496A-858E-C0311ED1FA75}.Release|Any CPU.Build.0 = Release|Any CPU
		{45431952-00A6-4B0C-BC68-C955D1A0ABBB}.Debug|Any CPU.ActiveCfg = Debug|Any CPU
		{45431952-00A6-4B0C-BC68-C955D1A0ABBB}.Debug|Any CPU.Build.0 = Debug|Any CPU
		{45431952-00A6-4B0C-BC68-C955D1A0ABBB}.Release|Any CPU.ActiveCfg = Release|Any CPU
		{45431952-00A6-4B0C-BC68-C955D1A0ABBB}.Release|Any CPU.Build.0 = Release|Any CPU
		{B5E1480A-410F-4729-AE66-1C3C83C9A6E6}.Debug|Any CPU.ActiveCfg = Debug|Any CPU
		{B5E1480A-410F-4729-AE66-1C3C83C9A6E6}.Debug|Any CPU.Build.0 = Debug|Any CPU
		{B5E1480A-410F-4729-AE66-1C3C83C9A6E6}.Release|Any CPU.ActiveCfg = Release|Any CPU
		{B5E1480A-410F-4729-AE66-1C3C83C9A6E6}.Release|Any CPU.Build.0 = Release|Any CPU
		{9848AFA1-CE23-4B93-AC55-ADC336D035B0}.Debug|Any CPU.ActiveCfg = Debug|Any CPU
		{9848AFA1-CE23-4B93-AC55-ADC336D035B0}.Debug|Any CPU.Build.0 = Debug|Any CPU
		{9848AFA1-CE23-4B93-AC55-ADC336D035B0}.Release|Any CPU.ActiveCfg = Release|Any CPU
		{9848AFA1-CE23-4B93-AC55-ADC336D035B0}.Release|Any CPU.Build.0 = Release|Any CPU
		{544A03E2-61D3-46A5-9454-26CEF149C23F}.Debug|Any CPU.ActiveCfg = Debug|Any CPU
		{544A03E2-61D3-46A5-9454-26CEF149C23F}.Debug|Any CPU.Build.0 = Debug|Any CPU
		{544A03E2-61D3-46A5-9454-26CEF149C23F}.Release|Any CPU.ActiveCfg = Release|Any CPU
		{544A03E2-61D3-46A5-9454-26CEF149C23F}.Release|Any CPU.Build.0 = Release|Any CPU
		{1044431F-1FD9-4203-9533-C179A927C062}.Debug|Any CPU.ActiveCfg = Debug|Any CPU
		{1044431F-1FD9-4203-9533-C179A927C062}.Debug|Any CPU.Build.0 = Debug|Any CPU
		{1044431F-1FD9-4203-9533-C179A927C062}.Release|Any CPU.ActiveCfg = Release|Any CPU
		{1044431F-1FD9-4203-9533-C179A927C062}.Release|Any CPU.Build.0 = Release|Any CPU
		{3BCA62B9-AE84-41A5-8988-A5FB64F90C48}.Debug|Any CPU.ActiveCfg = Debug|Any CPU
		{3BCA62B9-AE84-41A5-8988-A5FB64F90C48}.Debug|Any CPU.Build.0 = Debug|Any CPU
		{3BCA62B9-AE84-41A5-8988-A5FB64F90C48}.Release|Any CPU.ActiveCfg = Release|Any CPU
		{3BCA62B9-AE84-41A5-8988-A5FB64F90C48}.Release|Any CPU.Build.0 = Release|Any CPU
		{B14CC215-4EF5-445A-A599-20453C0970E1}.Debug|Any CPU.ActiveCfg = Debug|Any CPU
		{B14CC215-4EF5-445A-A599-20453C0970E1}.Debug|Any CPU.Build.0 = Debug|Any CPU
		{B14CC215-4EF5-445A-A599-20453C0970E1}.Release|Any CPU.ActiveCfg = Release|Any CPU
		{B14CC215-4EF5-445A-A599-20453C0970E1}.Release|Any CPU.Build.0 = Release|Any CPU
		{66B898E6-7DB4-4750-B7C8-52ED0C9DD584}.Debug|Any CPU.ActiveCfg = Debug|Any CPU
		{66B898E6-7DB4-4750-B7C8-52ED0C9DD584}.Debug|Any CPU.Build.0 = Debug|Any CPU
		{66B898E6-7DB4-4750-B7C8-52ED0C9DD584}.Release|Any CPU.ActiveCfg = Release|Any CPU
		{66B898E6-7DB4-4750-B7C8-52ED0C9DD584}.Release|Any CPU.Build.0 = Release|Any CPU
	EndGlobalSection
	GlobalSection(SolutionProperties) = preSolution
		HideSolutionNode = FALSE
	EndGlobalSection
	GlobalSection(NestedProjects) = preSolution
		{307CD50D-7204-4239-B848-5D695D484F8D} = {E1DB0B1F-6B73-4014-9152-B53F53C99FE6}
		{A44356F4-0B7A-49D8-8884-A47D58E66B7D} = {E1DB0B1F-6B73-4014-9152-B53F53C99FE6}
		{6E4C9401-F918-44B9-A991-B551ED98BA1E} = {E1DB0B1F-6B73-4014-9152-B53F53C99FE6}
		{7183E2BD-B3BE-4C18-A4D0-24CA6CB08399} = {E1DB0B1F-6B73-4014-9152-B53F53C99FE6}
		{D07A7B18-C586-4C77-BF5A-C9D7F067BD8D} = {307CD50D-7204-4239-B848-5D695D484F8D}
		{DDB62C5D-9978-4B82-9775-420A0254AD82} = {307CD50D-7204-4239-B848-5D695D484F8D}
		{6D9AA419-0371-48E2-99A6-A6C6299688ED} = {307CD50D-7204-4239-B848-5D695D484F8D}
		{2CC8174E-A4CE-4CDD-867C-24F931A9BE2F} = {A44356F4-0B7A-49D8-8884-A47D58E66B7D}
		{E87C5410-753F-496A-858E-C0311ED1FA75} = {6E4C9401-F918-44B9-A991-B551ED98BA1E}
		{45431952-00A6-4B0C-BC68-C955D1A0ABBB} = {D07A7B18-C586-4C77-BF5A-C9D7F067BD8D}
		{B5E1480A-410F-4729-AE66-1C3C83C9A6E6} = {D07A7B18-C586-4C77-BF5A-C9D7F067BD8D}
		{9848AFA1-CE23-4B93-AC55-ADC336D035B0} = {DDB62C5D-9978-4B82-9775-420A0254AD82}
		{544A03E2-61D3-46A5-9454-26CEF149C23F} = {6D9AA419-0371-48E2-99A6-A6C6299688ED}
		{1044431F-1FD9-4203-9533-C179A927C062} = {7183E2BD-B3BE-4C18-A4D0-24CA6CB08399}
		{3BCA62B9-AE84-41A5-8988-A5FB64F90C48} = {7183E2BD-B3BE-4C18-A4D0-24CA6CB08399}
		{B14CC215-4EF5-445A-A599-20453C0970E1} = {7183E2BD-B3BE-4C18-A4D0-24CA6CB08399}
		{66B898E6-7DB4-4750-B7C8-52ED0C9DD584} = {2CC8174E-A4CE-4CDD-867C-24F931A9BE2F}
	EndGlobalSection
	GlobalSection(ExtensibilityGlobals) = postSolution
		SolutionGuid = {CFCCF1D4-5DCB-4F3A-BE56-95E6E9CC789D}
	EndGlobalSection
EndGlobal
